
Microsoft Visual Studio Solution File, Format Version 12.00
# Visual Studio Version 17
VisualStudioVersion = 17.8.34511.84
MinimumVisualStudioVersion = 10.0.40219.1
Project("{FAE04EC0-301F-11D3-BF4B-00C04F79EFBC}") = "lab 1", "lab 1\lab 1.csproj", "{12450AE6-509B-4ABD-A180-2AEC247FC777}"
EndProject
Global
	GlobalSection(SolutionConfigurationPlatforms) = preSolution
		Debug|Any CPU = Debug|Any CPU
		Release|Any CPU = Release|Any CPU
	EndGlobalSection
	GlobalSection(ProjectConfigurationPlatforms) = postSolution
		{12450AE6-509B-4ABD-A180-2AEC247FC777}.Debug|Any CPU.ActiveCfg = Debug|Any CPU
		{12450AE6-509B-4ABD-A180-2AEC247FC777}.Debug|Any CPU.Build.0 = Debug|Any CPU
		{12450AE6-509B-4ABD-A180-2AEC247FC777}.Release|Any CPU.ActiveCfg = Release|Any CPU
		{12450AE6-509B-4ABD-A180-2AEC247FC777}.Release|Any CPU.Build.0 = Release|Any CPU
	EndGlobalSection
	GlobalSection(SolutionProperties) = preSolution
		HideSolutionNode = FALSE
	EndGlobalSection
	GlobalSection(ExtensibilityGlobals) = postSolution
		SolutionGuid = {7A8E7251-67B8-4CED-8E6E-8601314CA5B9}
	EndGlobalSection
EndGlobal
